# THIS IS AN AUTOGENERATED FILE. DO NOT EDIT THIS FILE DIRECTLY.
# yarn lockfile v1


"@turf/bbox@^6.5.0":
  version "6.5.0"
  resolved "https://registry.yarnpkg.com/@turf/bbox/-/bbox-6.5.0.tgz#bec30a744019eae420dac9ea46fb75caa44d8dc5"
  integrity sha512-RBbLaao5hXTYyyg577iuMtDB8ehxMlUqHEJiMs8jT1GHkFhr6sYre3lmLsPeYEi/ZKj5TP5tt7fkzNdJ4GIVyw==
  dependencies:
    "@turf/helpers" "^6.5.0"
    "@turf/meta" "^6.5.0"

"@turf/bearing@^6.5.0":
  version "6.5.0"
  resolved "https://registry.yarnpkg.com/@turf/bearing/-/bearing-6.5.0.tgz#462a053c6c644434bdb636b39f8f43fb0cd857b0"
  integrity sha512-dxINYhIEMzgDOztyMZc20I7ssYVNEpSv04VbMo5YPQsqa80KO3TFvbuCahMsCAW5z8Tncc8dwBlEFrmRjJG33A==
  dependencies:
    "@turf/helpers" "^6.5.0"
    "@turf/invariant" "^6.5.0"

"@turf/center@^6.3.0":
  version "6.5.0"
  resolved "https://registry.yarnpkg.com/@turf/center/-/center-6.5.0.tgz#3bcb6bffcb8ba147430cfea84aabaed5dbdd4f07"
  integrity sha512-T8KtMTfSATWcAX088rEDKjyvQCBkUsLnK/Txb6/8WUXIeOZyHu42G7MkdkHRoHtwieLdduDdmPLFyTdG5/e7ZQ==
  dependencies:
    "@turf/bbox" "^6.5.0"
    "@turf/helpers" "^6.5.0"

"@turf/destination@^6.5.0":
  version "6.5.0"
  resolved "https://registry.yarnpkg.com/@turf/destination/-/destination-6.5.0.tgz#30a84702f9677d076130e0440d3223ae503fdae1"
  integrity sha512-4cnWQlNC8d1tItOz9B4pmJdWpXqS0vEvv65bI/Pj/genJnsL7evI0/Xw42RvEGROS481MPiU80xzvwxEvhQiMQ==
  dependencies:
    "@turf/helpers" "^6.5.0"
    "@turf/invariant" "^6.5.0"

"@turf/distance@^6.5.0":
  version "6.5.0"
  resolved "https://registry.yarnpkg.com/@turf/distance/-/distance-6.5.0.tgz#21f04d5f86e864d54e2abde16f35c15b4f36149a"
  integrity sha512-xzykSLfoURec5qvQJcfifw/1mJa+5UwByZZ5TZ8iaqjGYN0vomhV9aiSLeYdUGtYRESZ+DYC/OzY+4RclZYgMg==
  dependencies:
    "@turf/helpers" "^6.5.0"
    "@turf/invariant" "^6.5.0"

"@turf/helpers@^6.5.0":
  version "6.5.0"
  resolved "https://registry.yarnpkg.com/@turf/helpers/-/helpers-6.5.0.tgz#f79af094bd6b8ce7ed2bd3e089a8493ee6cae82e"
  integrity sha512-VbI1dV5bLFzohYYdgqwikdMVpe7pJ9X3E+dlr425wa2/sMJqYDhTO++ec38/pcPvPE6oD9WEEeU3Xu3gza+VPw==

"@turf/invariant@^6.5.0":
  version "6.5.0"
  resolved "https://registry.yarnpkg.com/@turf/invariant/-/invariant-6.5.0.tgz#970afc988023e39c7ccab2341bd06979ddc7463f"
  integrity sha512-Wv8PRNCtPD31UVbdJE/KVAWKe7l6US+lJItRR/HOEW3eh+U/JwRCSUl/KZ7bmjM/C+zLNoreM2TU6OoLACs4eg==
  dependencies:
    "@turf/helpers" "^6.5.0"

"@turf/meta@^6.5.0":
  version "6.5.0"
  resolved "https://registry.yarnpkg.com/@turf/meta/-/meta-6.5.0.tgz#b725c3653c9f432133eaa04d3421f7e51e0418ca"
  integrity sha512-RrArvtsV0vdsCBegoBtOalgdSOfkBrTJ07VkpiCnq/491W67hnMWmDu7e6Ztw0C3WldRYTXkg3SumfdzZxLBHA==
  dependencies:
    "@turf/helpers" "^6.5.0"

"@turf/midpoint@^6.3.0":
  version "6.5.0"
  resolved "https://registry.yarnpkg.com/@turf/midpoint/-/midpoint-6.5.0.tgz#5f9428959309feccaf3f55873a8de70d4121bdce"
  integrity sha512-MyTzV44IwmVI6ec9fB2OgZ53JGNlgOpaYl9ArKoF49rXpL84F9rNATndbe0+MQIhdkw8IlzA6xVP4lZzfMNVCw==
  dependencies:
    "@turf/bearing" "^6.5.0"
    "@turf/destination" "^6.5.0"
    "@turf/distance" "^6.5.0"
    "@turf/helpers" "^6.5.0"

axios@^0.26.0:
  version "0.26.0"
  resolved "https://registry.yarnpkg.com/axios/-/axios-0.26.0.tgz#9a318f1c69ec108f8cd5f3c3d390366635e13928"
  integrity sha512-lKoGLMYtHvFrPVt3r+RBMp9nh34N0M8zEfCWqdWZx6phynIEhQqAdydpyBAAG211zlhX9Rgu08cOamy6XjE5Og==
  dependencies:
    follow-redirects "^1.14.8"

follow-redirects@^1.14.8:
  version "1.14.8"
  resolved "https://registry.yarnpkg.com/follow-redirects/-/follow-redirects-1.14.8.tgz#016996fb9a11a100566398b1c6839337d7bfa8fc"
  integrity sha512-1x0S9UVJHsQprFcEC/qnNzBLcIxsjAV905f/UkQxbclCsoTWlacCNOpQa/anodLl2uaEKFhfWOvM2Qg77+15zA==

minimist@^1.1.0:
  version "1.2.6"
  resolved "https://registry.yarnpkg.com/minimist/-/minimist-1.2.6.tgz#8637a5b759ea0d6e98702cfb3a9283323c93af44"
  integrity sha512-Jsjnk4bw3YJqYzbdyBiNsPWHPfO++UGG749Cxs6peCu5Xg4nrena6OVxOYxrQTqww0Jmwt+Ref8rggumkTLz9Q==

polyline-encoded@^0.0.9:
  version "0.0.9"
  resolved "https://registry.yarnpkg.com/polyline-encoded/-/polyline-encoded-0.0.9.tgz#bb5212825f3331587b200f0c5368c203eb2f1905"
  integrity sha512-xv6ONShzZdcISK6IT8x3IqsqxPq7HRqcPJ80V4et4hMolIRct5s/5dtUkfO7hGZEeKtWZ1fK7/fKur8gbd4fvg==

turf-multipoint@^1.0.0:
  version "1.0.0"
  resolved "https://registry.yarnpkg.com/turf-multipoint/-/turf-multipoint-1.0.0.tgz#0c5a4b3dbc097f728a378ad993b34d653cc82a0e"
  integrity sha1-DFpLPbwJf3KKN4rZk7NNZTzIKg4=

turf-point@^2.0.1:
  version "2.0.1"
  resolved "https://registry.yarnpkg.com/turf-point/-/turf-point-2.0.1.tgz#a2dcc30a2d20f44cf5c6271df7bae2c0e2146069"
  integrity sha1-otzDCi0g9Ez1xicd97riwOIUYGk=
  dependencies:
    minimist "^1.1.0"
