# THIS IS AN AUTOGENERATED FILE. DO NOT EDIT THIS FILE DIRECTLY.
# yarn lockfile v1


"@turf/bbox@^6.3.0":
  version "6.3.0"
  resolved "https://registry.yarnpkg.com/@turf/bbox/-/bbox-6.3.0.tgz#0e1a9b59f32d6a2a40c806f54cbaa73575bead25"
  integrity sha512-N4ue5Xopu1qieSHP2MA/CJGWHPKaTrVXQJjzHRNcY1vtsO126xbSaJhWUrFc5x5vVkXp0dcucGryO0r5m4o/KA==
  dependencies:
    "@turf/helpers" "^6.3.0"
    "@turf/meta" "^6.3.0"

"@turf/bearing@^6.3.0":
  version "6.3.0"
  resolved "https://registry.yarnpkg.com/@turf/bearing/-/bearing-6.3.0.tgz#4de3f398382772031e84491734902b8d37bc8c84"
  integrity sha512-apuUm9xN6VQLO33m7F2mmzlm3dHfeesJjMSzh9iehGtgmp1IaVndjdcIvs0ieiwm8bN9UhwXpfPtO3pV0n9SFw==
  dependencies:
    "@turf/helpers" "^6.3.0"
    "@turf/invariant" "^6.3.0"

"@turf/center@^6.3.0":
  version "6.3.0"
  resolved "https://registry.yarnpkg.com/@turf/center/-/center-6.3.0.tgz#dc46b94e77dc19f2822af8786a0e6d5d68deba0d"
  integrity sha512-41g/ZYwoBs2PK7tpAHhf4D6llHdRvY827HLXCld5D0IOnzsWPqDk7WnV8P5uq4g/gyH1/WfKQYn5SgfSj4sSfw==
  dependencies:
    "@turf/bbox" "^6.3.0"
    "@turf/helpers" "^6.3.0"

"@turf/destination@^6.3.0":
  version "6.3.0"
  resolved "https://registry.yarnpkg.com/@turf/destination/-/destination-6.3.0.tgz#7032eeb0ec5d1a035d98faaddac039eea96abb04"
  integrity sha512-aLt3U/XkJWyZW08Ln1qZwBNAGh27yhmYLu892+dBj3gKP6UUiR6ZopXxrBwjBVe00A6k2ktftKDn79qe0hptuw==
  dependencies:
    "@turf/helpers" "^6.3.0"
    "@turf/invariant" "^6.3.0"

"@turf/distance@^6.3.0":
  version "6.3.0"
  resolved "https://registry.yarnpkg.com/@turf/distance/-/distance-6.3.0.tgz#4bd084af7fe369e921476e52b597a638dae4ed95"
  integrity sha512-basi24ssNFnH3iXPFjp/aNUrukjObiFWoIyDRqKyBJxVwVOwAWvfk4d38QQyBj5nDo5IahYRq/Q+T47/5hSs9w==
  dependencies:
    "@turf/helpers" "^6.3.0"
    "@turf/invariant" "^6.3.0"

"@turf/helpers@^6.3.0":
  version "6.3.0"
  resolved "https://registry.yarnpkg.com/@turf/helpers/-/helpers-6.3.0.tgz#87f90f806c3f8ad6385ef8d2041d3662bf3c9fb1"
  integrity sha512-kr6KuD4Z0GZ30tblTEvi90rvvVNlKieXuMC8CTzE/rVQb0/f/Cb29zCXxTD7giQTEQY/P2nRW23wEqqyNHulCg==

"@turf/invariant@^6.3.0":
  version "6.3.0"
  resolved "https://registry.yarnpkg.com/@turf/invariant/-/invariant-6.3.0.tgz#04a22b26c5503146c03fa6198176b72bd591eadf"
  integrity sha512-2OFOi9p+QOrcIMySEnr+WlOiKaFZ1bY56jA98YyECewJHfhPFWUBZEhc4nWGRT0ahK08Vus9+gcuBX8QIpCIIw==
  dependencies:
    "@turf/helpers" "^6.3.0"

"@turf/meta@^6.3.0":
  version "6.3.0"
  resolved "https://registry.yarnpkg.com/@turf/meta/-/meta-6.3.0.tgz#f3e280ab29641f21e4f99310ce77f9c8394ae394"
  integrity sha512-qBJjaAJS9H3ap0HlGXyF/Bzfl0qkA9suafX/jnDsZvWMfVLt+s+o6twKrXOGk5t7nnNON2NFRC8+czxpu104EQ==
  dependencies:
    "@turf/helpers" "^6.3.0"

"@turf/midpoint@^6.3.0":
  version "6.3.0"
  resolved "https://registry.yarnpkg.com/@turf/midpoint/-/midpoint-6.3.0.tgz#42ba47f601f63ee60d97a542c5a615d1cbbe4ff8"
  integrity sha512-ImiYK5l/QZh5aCynxCyHoaJYn4j1VhorVyw2XihHuwAtebTc+KRaBJpWSD2eJxo3Q3J+QepWMiiMvQFJgQ5uCQ==
  dependencies:
    "@turf/bearing" "^6.3.0"
    "@turf/destination" "^6.3.0"
    "@turf/distance" "^6.3.0"
    "@turf/helpers" "^6.3.0"

axios@^0.21.1:
  version "0.21.1"
  resolved "https://registry.yarnpkg.com/axios/-/axios-0.21.1.tgz#22563481962f4d6bde9a76d516ef0e5d3c09b2b8"
  integrity sha512-dKQiRHxGD9PPRIUNIWvZhPTPpl1rf/OxTYKsqKUDjBwYylTvV7SjSHJb9ratfyzM6wCdLCOYLzs73qpg5c4iGA==
  dependencies:
    follow-redirects "^1.10.0"

follow-redirects@^1.10.0:
  version "1.13.1"
  resolved "https://registry.yarnpkg.com/follow-redirects/-/follow-redirects-1.13.1.tgz#5f69b813376cee4fd0474a3aba835df04ab763b7"
  integrity sha512-SSG5xmZh1mkPGyKzjZP8zLjltIfpW32Y5QpdNJyjcfGxK3qo3NDDkZOZSFiGn1A6SclQxY9GzEwAHQ3dmYRWpg==

minimist@^1.1.0:
  version "1.2.5"
  resolved "https://registry.yarnpkg.com/minimist/-/minimist-1.2.5.tgz#67d66014b66a6a8aaa0c083c5fd58df4e4e97602"
  integrity sha512-FM9nNUYrRBAELZQT3xeZQ7fmMOBg6nWNmJKTcgsJeaLstP/UODVpGsr5OhXhhXg6f+qtJ8uiZ+PUxkDWcgIXLw==

polyline-encoded@^0.0.9:
  version "0.0.9"
  resolved "https://registry.yarnpkg.com/polyline-encoded/-/polyline-encoded-0.0.9.tgz#bb5212825f3331587b200f0c5368c203eb2f1905"
  integrity sha512-xv6ONShzZdcISK6IT8x3IqsqxPq7HRqcPJ80V4et4hMolIRct5s/5dtUkfO7hGZEeKtWZ1fK7/fKur8gbd4fvg==

turf-multipoint@^1.0.0:
  version "1.0.0"
  resolved "https://registry.yarnpkg.com/turf-multipoint/-/turf-multipoint-1.0.0.tgz#0c5a4b3dbc097f728a378ad993b34d653cc82a0e"
  integrity sha1-DFpLPbwJf3KKN4rZk7NNZTzIKg4=

turf-point@^2.0.1:
  version "2.0.1"
  resolved "https://registry.yarnpkg.com/turf-point/-/turf-point-2.0.1.tgz#a2dcc30a2d20f44cf5c6271df7bae2c0e2146069"
  integrity sha1-otzDCi0g9Ez1xicd97riwOIUYGk=
  dependencies:
    minimist "^1.1.0"
